
Microsoft Visual Studio Solution File, Format Version 12.00
# Visual Studio Version 17
VisualStudioVersion = 17.4.33110.190
MinimumVisualStudioVersion = 10.0.40219.1
Project("{9A19103F-16F7-4668-BE54-9A1E7A4F7556}") = "Ponta.WebApi", "Ponta\Ponta.WebApi.csproj", "{8E5A37AA-B98E-4121-B45C-C1112E684EF1}"
EndProject
Project("{9A19103F-16F7-4668-BE54-9A1E7A4F7556}") = "Ponta.Servico", "Ponta.Servico\Ponta.Servico.csproj", "{EA168726-E690-4C31-9494-81312C837F30}"
EndProject
Project("{9A19103F-16F7-4668-BE54-9A1E7A4F7556}") = "Ponta.Infra", "Ponta.Infra\Ponta.Infra.csproj", "{597AE856-B13E-416E-B5B9-E57C5557FA86}"
EndProject
Project("{9A19103F-16F7-4668-BE54-9A1E7A4F7556}") = "Ponta.Dominio", "Ponta.Dominio\Ponta.Dominio.csproj", "{7291C747-72F0-4E35-BDDD-D26070584F68}"
EndProject
Project("{9A19103F-16F7-4668-BE54-9A1E7A4F7556}") = "Ponta.Repositorio", "Ponta.Repositorio\Ponta.Repositorio.csproj", "{6DDAABCC-EEBE-4636-A4BF-1051C7328775}"
EndProject
Project("{2150E333-8FDC-42A3-9474-1A3956D46DE8}") = "Itens de Solução", "Itens de Solução", "{89812C2C-A170-4471-BC43-3A2E80B57A10}"
	ProjectSection(SolutionItems) = preProject
		README.md = README.md
	EndProjectSection
EndProject
Global
	GlobalSection(SolutionConfigurationPlatforms) = preSolution
		Debug|Any CPU = Debug|Any CPU
		Release|Any CPU = Release|Any CPU
	EndGlobalSection
	GlobalSection(ProjectConfigurationPlatforms) = postSolution
		{8E5A37AA-B98E-4121-B45C-C1112E684EF1}.Debug|Any CPU.ActiveCfg = Debug|Any CPU
		{8E5A37AA-B98E-4121-B45C-C1112E684EF1}.Debug|Any CPU.Build.0 = Debug|Any CPU
		{8E5A37AA-B98E-4121-B45C-C1112E684EF1}.Release|Any CPU.ActiveCfg = Release|Any CPU
		{8E5A37AA-B98E-4121-B45C-C1112E684EF1}.Release|Any CPU.Build.0 = Release|Any CPU
		{EA168726-E690-4C31-9494-81312C837F30}.Debug|Any CPU.ActiveCfg = Debug|Any CPU
		{EA168726-E690-4C31-9494-81312C837F30}.Debug|Any CPU.Build.0 = Debug|Any CPU
		{EA168726-E690-4C31-9494-81312C837F30}.Release|Any CPU.ActiveCfg = Release|Any CPU
		{EA168726-E690-4C31-9494-81312C837F30}.Release|Any CPU.Build.0 = Release|Any CPU
		{597AE856-B13E-416E-B5B9-E57C5557FA86}.Debug|Any CPU.ActiveCfg = Debug|Any CPU
		{597AE856-B13E-416E-B5B9-E57C5557FA86}.Debug|Any CPU.Build.0 = Debug|Any CPU
		{597AE856-B13E-416E-B5B9-E57C5557FA86}.Release|Any CPU.ActiveCfg = Release|Any CPU
		{597AE856-B13E-416E-B5B9-E57C5557FA86}.Release|Any CPU.Build.0 = Release|Any CPU
		{7291C747-72F0-4E35-BDDD-D26070584F68}.Debug|Any CPU.ActiveCfg = Debug|Any CPU
		{7291C747-72F0-4E35-BDDD-D26070584F68}.Debug|Any CPU.Build.0 = Debug|Any CPU
		{7291C747-72F0-4E35-BDDD-D26070584F68}.Release|Any CPU.ActiveCfg = Release|Any CPU
		{7291C747-72F0-4E35-BDDD-D26070584F68}.Release|Any CPU.Build.0 = Release|Any CPU
		{6DDAABCC-EEBE-4636-A4BF-1051C7328775}.Debug|Any CPU.ActiveCfg = Debug|Any CPU
		{6DDAABCC-EEBE-4636-A4BF-1051C7328775}.Debug|Any CPU.Build.0 = Debug|Any CPU
		{6DDAABCC-EEBE-4636-A4BF-1051C7328775}.Release|Any CPU.ActiveCfg = Release|Any CPU
		{6DDAABCC-EEBE-4636-A4BF-1051C7328775}.Release|Any CPU.Build.0 = Release|Any CPU
	EndGlobalSection
	GlobalSection(SolutionProperties) = preSolution
		HideSolutionNode = FALSE
	EndGlobalSection
	GlobalSection(ExtensibilityGlobals) = postSolution
		SolutionGuid = {DD93A453-F19C-4BDC-977E-1F4AEC72B734}
	EndGlobalSection
EndGlobal
